
Microsoft Visual Studio Solution File, Format Version 12.00
# Visual Studio 2013
VisualStudioVersion = 12.0.21005.1
MinimumVisualStudioVersion = 10.0.40219.1
Project("{FAE04EC0-301F-11D3-BF4B-00C04F79EFBC}") = "EmployeeSalaryApp", "EmployeeSalaryApp\EmployeeSalaryApp.csproj", "{2E0AFAC3-6F0D-4DC5-AE43-16E91989D708}"
EndProject
Global
	GlobalSection(SolutionConfigurationPlatforms) = preSolution
		Debug|Any CPU = Debug|Any CPU
		Release|Any CPU = Release|Any CPU
	EndGlobalSection
	GlobalSection(ProjectConfigurationPlatforms) = postSolution
		{2E0AFAC3-6F0D-4DC5-AE43-16E91989D708}.Debug|Any CPU.ActiveCfg = Debug|Any CPU
		{2E0AFAC3-6F0D-4DC5-AE43-16E91989D708}.Debug|Any CPU.Build.0 = Debug|Any CPU
		{2E0AFAC3-6F0D-4DC5-AE43-16E91989D708}.Release|Any CPU.ActiveCfg = Release|Any CPU
		{2E0AFAC3-6F0D-4DC5-AE43-16E91989D708}.Release|Any CPU.Build.0 = Release|Any CPU
	EndGlobalSection
	GlobalSection(SolutionProperties) = preSolution
		HideSolutionNode = FALSE
	EndGlobalSection
EndGlobal
